// !$*UTF8*$!
{
	archiveVersion = 1;
	classes = {
	};
	objectVersion = 48;
	objects = {

/* Begin PBXBuildFile section */
		6311819C1F16049D001E0394 /* SVGCircle.m in Sources */ = {isa = PBXBuildFile; fileRef = 633C593A1F15FDC2009A0306 /* SVGCircle.m */; };
		6311819D1F16049D001E0394 /* SVGElement.m in Sources */ = {isa = PBXBuildFile; fileRef = 633C593C1F15FDC2009A0306 /* SVGElement.m */; };
		6311819E1F16049D001E0394 /* SVGEllipse.m in Sources */ = {isa = PBXBuildFile; fileRef = 633C593E1F15FDC2009A0306 /* SVGEllipse.m */; };
		6311819F1F16049D001E0394 /* SVGLine.m in Sources */ = {isa = PBXBuildFile; fileRef = 633C59401F15FDC2009A0306 /* SVGLine.m */; };
		631181A01F16049D001E0394 /* SVGPath.m in Sources */ = {isa = PBXBuildFile; fileRef = 633C59421F15FDC2009A0306 /* SVGPath.m */; };
		631181A11F16049D001E0394 /* SVGPolygon.m in Sources */ = {isa = PBXBuildFile; fileRef = 633C59441F15FDC2009A0306 /* SVGPolygon.m */; };
		631181A21F16049D001E0394 /* SVGPolyline.m in Sources */ = {isa = PBXBuildFile; fileRef = 633C59461F15FDC2009A0306 /* SVGPolyline.m */; };
		631181A31F16049D001E0394 /* SVGRect.m in Sources */ = {isa = PBXBuildFile; fileRef = 633C59481F15FDC2009A0306 /* SVGRect.m */; };
		631181A41F16049D001E0394 /* SVGFilter.m in Sources */ = {isa = PBXBuildFile; fileRef = 633C594B1F15FDC2009A0306 /* SVGFilter.m */; };
		631181A51F16049D001E0394 /* SVGGradient.m in Sources */ = {isa = PBXBuildFile; fileRef = 633C594E1F15FDC2009A0306 /* SVGGradient.m */; };
		631181A61F16049D001E0394 /* SVGView.m in Sources */ = {isa = PBXBuildFile; fileRef = 633C59511F15FDC2009A0306 /* SVGView.m */; };
		631181A71F16049D001E0394 /* SVGParser.m in Sources */ = {isa = PBXBuildFile; fileRef = 633C59541F15FDC2009A0306 /* SVGParser.m */; };
		631181A81F16049D001E0394 /* SVGTransformParser.m in Sources */ = {isa = PBXBuildFile; fileRef = 633C59561F15FDC2009A0306 /* SVGTransformParser.m */; };
		633C59071F15FDB1009A0306 /* AppDelegate.m in Sources */ = {isa = PBXBuildFile; fileRef = 633C59061F15FDB1009A0306 /* AppDelegate.m */; };
		633C590A1F15FDB1009A0306 /* ViewController.m in Sources */ = {isa = PBXBuildFile; fileRef = 633C59091F15FDB1009A0306 /* ViewController.m */; };
		633C590D1F15FDB1009A0306 /* Main.storyboard in Resources */ = {isa = PBXBuildFile; fileRef = 633C590B1F15FDB1009A0306 /* Main.storyboard */; };
		633C590F1F15FDB1009A0306 /* Assets.xcassets in Resources */ = {isa = PBXBuildFile; fileRef = 633C590E1F15FDB1009A0306 /* Assets.xcassets */; };
		633C59121F15FDB1009A0306 /* LaunchScreen.storyboard in Resources */ = {isa = PBXBuildFile; fileRef = 633C59101F15FDB1009A0306 /* LaunchScreen.storyboard */; };
		633C59151F15FDB1009A0306 /* main.m in Sources */ = {isa = PBXBuildFile; fileRef = 633C59141F15FDB1009A0306 /* main.m */; };
		633C591F1F15FDB1009A0306 /* SVGDemoTests.m in Sources */ = {isa = PBXBuildFile; fileRef = 633C591E1F15FDB1009A0306 /* SVGDemoTests.m */; };
		633C592A1F15FDB1009A0306 /* SVGDemoUITests.m in Sources */ = {isa = PBXBuildFile; fileRef = 633C59291F15FDB1009A0306 /* SVGDemoUITests.m */; };
		633C59581F15FE57009A0306 /* subway.svg in Resources */ = {isa = PBXBuildFile; fileRef = 633C59571F15FE57009A0306 /* subway.svg */; };
		633C595B1F15FEF1009A0306 /* SVGContainerView.m in Sources */ = {isa = PBXBuildFile; fileRef = 633C595A1F15FEF1009A0306 /* SVGContainerView.m */; };
/* End PBXBuildFile section */

/* Begin PBXContainerItemProxy section */
		633C591B1F15FDB1009A0306 /* PBXContainerItemProxy */ = {
			isa = PBXContainerItemProxy;
			containerPortal = 633C58FA1F15FDB1009A0306 /* Project object */;
			proxyType = 1;
			remoteGlobalIDString = 633C59011F15FDB1009A0306;
			remoteInfo = SVGDemo;
		};
		633C59261F15FDB1009A0306 /* PBXContainerItemProxy */ = {
			isa = PBXContainerItemProxy;
			containerPortal = 633C58FA1F15FDB1009A0306 /* Project object */;
			proxyType = 1;
			remoteGlobalIDString = 633C59011F15FDB1009A0306;
			remoteInfo = SVGDemo;
		};
/* End PBXContainerItemProxy section */

/* Begin PBXFileReference section */
		633C59021F15FDB1009A0306 /* SVGDemo.app */ = {isa = PBXFileReference; explicitFileType = wrapper.application; includeInIndex = 0; path = SVGDemo.app; sourceTree = BUILT_PRODUCTS_DIR; };
		633C59051F15FDB1009A0306 /* AppDelegate.h */ = {isa = PBXFileReference; lastKnownFileType = sourcecode.c.h; path = AppDelegate.h; sourceTree = "<group>"; };
		633C59061F15FDB1009A0306 /* AppDelegate.m */ = {isa = PBXFileReference; lastKnownFileType = sourcecode.c.objc; path = AppDelegate.m; sourceTree = "<group>"; };
		633C59081F15FDB1009A0306 /* ViewController.h */ = {isa = PBXFileReference; lastKnownFileType = sourcecode.c.h; path = ViewController.h; sourceTree = "<group>"; };
		633C59091F15FDB1009A0306 /* ViewController.m */ = {isa = PBXFileReference; lastKnownFileType = sourcecode.c.objc; path = ViewController.m; sourceTree = "<group>"; };
		633C590C1F15FDB1009A0306 /* Base */ = {isa = PBXFileReference; lastKnownFileType = file.storyboard; name = Base; path = Base.lproj/Main.storyboard; sourceTree = "<group>"; };
		633C590E1F15FDB1009A0306 /* Assets.xcassets */ = {isa = PBXFileReference; lastKnownFileType = folder.assetcatalog; path = Assets.xcassets; sourceTree = "<group>"; };
		633C59111F15FDB1009A0306 /* Base */ = {isa = PBXFileReference; lastKnownFileType = file.storyboard; name = Base; path = Base.lproj/LaunchScreen.storyboard; sourceTree = "<group>"; };
		633C59131F15FDB1009A0306 /* Info.plist */ = {isa = PBXFileReference; lastKnownFileType = text.plist.xml; path = Info.plist; sourceTree = "<group>"; };
		633C59141F15FDB1009A0306 /* main.m */ = {isa = PBXFileReference; lastKnownFileType = sourcecode.c.objc; path = main.m; sourceTree = "<group>"; };
		633C591A1F15FDB1009A0306 /* SVGDemoTests.xctest */ = {isa = PBXFileReference; explicitFileType = wrapper.cfbundle; includeInIndex = 0; path = SVGDemoTests.xctest; sourceTree = BUILT_PRODUCTS_DIR; };
		633C591E1F15FDB1009A0306 /* SVGDemoTests.m */ = {isa = PBXFileReference; lastKnownFileType = sourcecode.c.objc; path = SVGDemoTests.m; sourceTree = "<group>"; };
		633C59201F15FDB1009A0306 /* Info.plist */ = {isa = PBXFileReference; lastKnownFileType = text.plist.xml; path = Info.plist; sourceTree = "<group>"; };
		633C59251F15FDB1009A0306 /* SVGDemoUITests.xctest */ = {isa = PBXFileReference; explicitFileType = wrapper.cfbundle; includeInIndex = 0; path = SVGDemoUITests.xctest; sourceTree = BUILT_PRODUCTS_DIR; };
		633C59291F15FDB1009A0306 /* SVGDemoUITests.m */ = {isa = PBXFileReference; lastKnownFileType = sourcecode.c.objc; path = SVGDemoUITests.m; sourceTree = "<group>"; };
		633C592B1F15FDB1009A0306 /* Info.plist */ = {isa = PBXFileReference; lastKnownFileType = text.plist.xml; path = Info.plist; sourceTree = "<group>"; };
		633C59391F15FDC2009A0306 /* SVGCircle.h */ = {isa = PBXFileReference; lastKnownFileType = sourcecode.c.h; path = SVGCircle.h; sourceTree = "<group>"; };
		633C593A1F15FDC2009A0306 /* SVGCircle.m */ = {isa = PBXFileReference; lastKnownFileType = sourcecode.c.objc; path = SVGCircle.m; sourceTree = "<group>"; };
		633C593B1F15FDC2009A0306 /* SVGElement.h */ = {isa = PBXFileReference; lastKnownFileType = sourcecode.c.h; path = SVGElement.h; sourceTree = "<group>"; };
		633C593C1F15FDC2009A0306 /* SVGElement.m */ = {isa = PBXFileReference; lastKnownFileType = sourcecode.c.objc; path = SVGElement.m; sourceTree = "<group>"; };
		633C593D1F15FDC2009A0306 /* SVGEllipse.h */ = {isa = PBXFileReference; lastKnownFileType = sourcecode.c.h; path = SVGEllipse.h; sourceTree = "<group>"; };
		633C593E1F15FDC2009A0306 /* SVGEllipse.m */ = {isa = PBXFileReference; lastKnownFileType = sourcecode.c.objc; path = SVGEllipse.m; sourceTree = "<group>"; };
		633C593F1F15FDC2009A0306 /* SVGLine.h */ = {isa = PBXFileReference; lastKnownFileType = sourcecode.c.h; path = SVGLine.h; sourceTree = "<group>"; };
		633C59401F15FDC2009A0306 /* SVGLine.m */ = {isa = PBXFileReference; lastKnownFileType = sourcecode.c.objc; path = SVGLine.m; sourceTree = "<group>"; };
		633C59411F15FDC2009A0306 /* SVGPath.h */ = {isa = PBXFileReference; lastKnownFileType = sourcecode.c.h; path = SVGPath.h; sourceTree = "<group>"; };
		633C59421F15FDC2009A0306 /* SVGPath.m */ = {isa = PBXFileReference; lastKnownFileType = sourcecode.c.objc; path = SVGPath.m; sourceTree = "<group>"; };
		633C59431F15FDC2009A0306 /* SVGPolygon.h */ = {isa = PBXFileReference; lastKnownFileType = sourcecode.c.h; path = SVGPolygon.h; sourceTree = "<group>"; };
		633C59441F15FDC2009A0306 /* SVGPolygon.m */ = {isa = PBXFileReference; lastKnownFileType = sourcecode.c.objc; path = SVGPolygon.m; sourceTree = "<group>"; };
		633C59451F15FDC2009A0306 /* SVGPolyline.h */ = {isa = PBXFileReference; lastKnownFileType = sourcecode.c.h; path = SVGPolyline.h; sourceTree = "<group>"; };
		633C59461F15FDC2009A0306 /* SVGPolyline.m */ = {isa = PBXFileReference; lastKnownFileType = sourcecode.c.objc; path = SVGPolyline.m; sourceTree = "<group>"; };
		633C59471F15FDC2009A0306 /* SVGRect.h */ = {isa = PBXFileReference; lastKnownFileType = sourcecode.c.h; path = SVGRect.h; sourceTree = "<group>"; };
		633C59481F15FDC2009A0306 /* SVGRect.m */ = {isa = PBXFileReference; lastKnownFileType = sourcecode.c.objc; path = SVGRect.m; sourceTree = "<group>"; };
		633C594A1F15FDC2009A0306 /* SVGFilter.h */ = {isa = PBXFileReference; lastKnownFileType = sourcecode.c.h; path = SVGFilter.h; sourceTree = "<group>"; };
		633C594B1F15FDC2009A0306 /* SVGFilter.m */ = {isa = PBXFileReference; lastKnownFileType = sourcecode.c.objc; path = SVGFilter.m; sourceTree = "<group>"; };
		633C594D1F15FDC2009A0306 /* SVGGradient.h */ = {isa = PBXFileReference; lastKnownFileType = sourcecode.c.h; path = SVGGradient.h; sourceTree = "<group>"; };
		633C594E1F15FDC2009A0306 /* SVGGradient.m */ = {isa = PBXFileReference; lastKnownFileType = sourcecode.c.objc; path = SVGGradient.m; sourceTree = "<group>"; };
		633C594F1F15FDC2009A0306 /* SVG.h */ = {isa = PBXFileReference; lastKnownFileType = sourcecode.c.h; path = SVG.h; sourceTree = "<group>"; };
		633C59501F15FDC2009A0306 /* SVGView.h */ = {isa = PBXFileReference; lastKnownFileType = sourcecode.c.h; path = SVGView.h; sourceTree = "<group>"; };
		633C59511F15FDC2009A0306 /* SVGView.m */ = {isa = PBXFileReference; lastKnownFileType = sourcecode.c.objc; path = SVGView.m; sourceTree = "<group>"; };
		633C59531F15FDC2009A0306 /* SVGParser.h */ = {isa = PBXFileReference; lastKnownFileType = sourcecode.c.h; path = SVGParser.h; sourceTree = "<group>"; };
		633C59541F15FDC2009A0306 /* SVGParser.m */ = {isa = PBXFileReference; lastKnownFileType = sourcecode.c.objc; path = SVGParser.m; sourceTree = "<group>"; };
		633C59551F15FDC2009A0306 /* SVGTransformParser.h */ = {isa = PBXFileReference; lastKnownFileType = sourcecode.c.h; path = SVGTransformParser.h; sourceTree = "<group>"; };
		633C59561F15FDC2009A0306 /* SVGTransformParser.m */ = {isa = PBXFileReference; lastKnownFileType = sourcecode.c.objc; path = SVGTransformParser.m; sourceTree = "<group>"; };
		633C59571F15FE57009A0306 /* subway.svg */ = {isa = PBXFileReference; fileEncoding = 4; lastKnownFileType = text.xml; path = subway.svg; sourceTree = "<group>"; };
		633C59591F15FEF1009A0306 /* SVGContainerView.h */ = {isa = PBXFileReference; lastKnownFileType = sourcecode.c.h; path = SVGContainerView.h; sourceTree = "<group>"; };
		633C595A1F15FEF1009A0306 /* SVGContainerView.m */ = {isa = PBXFileReference; lastKnownFileType = sourcecode.c.objc; path = SVGContainerView.m; sourceTree = "<group>"; };
/* End PBXFileReference section */

/* Begin PBXFrameworksBuildPhase section */
		633C58FF1F15FDB1009A0306 /* Frameworks */ = {
			isa = PBXFrameworksBuildPhase;
			buildActionMask = 2147483647;
			files = (
			);
			runOnlyForDeploymentPostprocessing = 0;
		};
		633C59171F15FDB1009A0306 /* Frameworks */ = {
			isa = PBXFrameworksBuildPhase;
			buildActionMask = 2147483647;
			files = (
			);
			runOnlyForDeploymentPostprocessing = 0;
		};
		633C59221F15FDB1009A0306 /* Frameworks */ = {
			isa = PBXFrameworksBuildPhase;
			buildActionMask = 2147483647;
			files = (
			);
			runOnlyForDeploymentPostprocessing = 0;
		};
/* End PBXFrameworksBuildPhase section */

/* Begin PBXGroup section */
		633C58F91F15FDB1009A0306 = {
			isa = PBXGroup;
			children = (
				633C59041F15FDB1009A0306 /* SVGDemo */,
				633C591D1F15FDB1009A0306 /* SVGDemoTests */,
				633C59281F15FDB1009A0306 /* SVGDemoUITests */,
				633C59031F15FDB1009A0306 /* Products */,
			);
			sourceTree = "<group>";
		};
		633C59031F15FDB1009A0306 /* Products */ = {
			isa = PBXGroup;
			children = (
				633C59021F15FDB1009A0306 /* SVGDemo.app */,
				633C591A1F15FDB1009A0306 /* SVGDemoTests.xctest */,
				633C59251F15FDB1009A0306 /* SVGDemoUITests.xctest */,
			);
			name = Products;
			sourceTree = "<group>";
		};
		633C59041F15FDB1009A0306 /* SVGDemo */ = {
			isa = PBXGroup;
			children = (
				633C59371F15FDC2009A0306 /* Classes */,
				633C59051F15FDB1009A0306 /* AppDelegate.h */,
				633C59061F15FDB1009A0306 /* AppDelegate.m */,
				633C59081F15FDB1009A0306 /* ViewController.h */,
				633C59091F15FDB1009A0306 /* ViewController.m */,
				633C59591F15FEF1009A0306 /* SVGContainerView.h */,
				633C595A1F15FEF1009A0306 /* SVGContainerView.m */,
				633C59571F15FE57009A0306 /* subway.svg */,
				633C590B1F15FDB1009A0306 /* Main.storyboard */,
				633C590E1F15FDB1009A0306 /* Assets.xcassets */,
				633C59101F15FDB1009A0306 /* LaunchScreen.storyboard */,
				633C59131F15FDB1009A0306 /* Info.plist */,
				633C59141F15FDB1009A0306 /* main.m */,
			);
			path = SVGDemo;
			sourceTree = "<group>";
		};
		633C591D1F15FDB1009A0306 /* SVGDemoTests */ = {
			isa = PBXGroup;
			children = (
				633C591E1F15FDB1009A0306 /* SVGDemoTests.m */,
				633C59201F15FDB1009A0306 /* Info.plist */,
			);
			path = SVGDemoTests;
			sourceTree = "<group>";
		};
		633C59281F15FDB1009A0306 /* SVGDemoUITests */ = {
			isa = PBXGroup;
			children = (
				633C59291F15FDB1009A0306 /* SVGDemoUITests.m */,
				633C592B1F15FDB1009A0306 /* Info.plist */,
			);
			path = SVGDemoUITests;
			sourceTree = "<group>";
		};
		633C59371F15FDC2009A0306 /* Classes */ = {
			isa = PBXGroup;
			children = (
				633C59381F15FDC2009A0306 /* Elements */,
				633C59491F15FDC2009A0306 /* Filters */,
				633C594C1F15FDC2009A0306 /* Gradient */,
				633C594F1F15FDC2009A0306 /* SVG.h */,
				633C59501F15FDC2009A0306 /* SVGView.h */,
				633C59511F15FDC2009A0306 /* SVGView.m */,
				633C59521F15FDC2009A0306 /* Utils */,
			);
			name = Classes;
			path = ../../Classes;
			sourceTree = "<group>";
		};
		633C59381F15FDC2009A0306 /* Elements */ = {
			isa = PBXGroup;
			children = (
				633C59391F15FDC2009A0306 /* SVGCircle.h */,
				633C593A1F15FDC2009A0306 /* SVGCircle.m */,
				633C593B1F15FDC2009A0306 /* SVGElement.h */,
				633C593C1F15FDC2009A0306 /* SVGElement.m */,
				633C593D1F15FDC2009A0306 /* SVGEllipse.h */,
				633C593E1F15FDC2009A0306 /* SVGEllipse.m */,
				633C593F1F15FDC2009A0306 /* SVGLine.h */,
				633C59401F15FDC2009A0306 /* SVGLine.m */,
				633C59411F15FDC2009A0306 /* SVGPath.h */,
				633C59421F15FDC2009A0306 /* SVGPath.m */,
				633C59431F15FDC2009A0306 /* SVGPolygon.h */,
				633C59441F15FDC2009A0306 /* SVGPolygon.m */,
				633C59451F15FDC2009A0306 /* SVGPolyline.h */,
				633C59461F15FDC2009A0306 /* SVGPolyline.m */,
				633C59471F15FDC2009A0306 /* SVGRect.h */,
				633C59481F15FDC2009A0306 /* SVGRect.m */,
			);
			path = Elements;
			sourceTree = "<group>";
		};
		633C59491F15FDC2009A0306 /* Filters */ = {
			isa = PBXGroup;
			children = (
				633C594A1F15FDC2009A0306 /* SVGFilter.h */,
				633C594B1F15FDC2009A0306 /* SVGFilter.m */,
			);
			path = Filters;
			sourceTree = "<group>";
		};
		633C594C1F15FDC2009A0306 /* Gradient */ = {
			isa = PBXGroup;
			children = (
				633C594D1F15FDC2009A0306 /* SVGGradient.h */,
				633C594E1F15FDC2009A0306 /* SVGGradient.m */,
			);
			path = Gradient;
			sourceTree = "<group>";
		};
		633C59521F15FDC2009A0306 /* Utils */ = {
			isa = PBXGroup;
			children = (
				633C59531F15FDC2009A0306 /* SVGParser.h */,
				633C59541F15FDC2009A0306 /* SVGParser.m */,
				633C59551F15FDC2009A0306 /* SVGTransformParser.h */,
				633C59561F15FDC2009A0306 /* SVGTransformParser.m */,
			);
			path = Utils;
			sourceTree = "<group>";
		};
/* End PBXGroup section */

/* Begin PBXNativeTarget section */
		633C59011F15FDB1009A0306 /* SVGDemo */ = {
			isa = PBXNativeTarget;
			buildConfigurationList = 633C592E1F15FDB1009A0306 /* Build configuration list for PBXNativeTarget "SVGDemo" */;
			buildPhases = (
				633C58FE1F15FDB1009A0306 /* Sources */,
				633C58FF1F15FDB1009A0306 /* Frameworks */,
				633C59001F15FDB1009A0306 /* Resources */,
			);
			buildRules = (
			);
			dependencies = (
			);
			name = SVGDemo;
			productName = SVGDemo;
			productReference = 633C59021F15FDB1009A0306 /* SVGDemo.app */;
			productType = "com.apple.product-type.application";
		};
		633C59191F15FDB1009A0306 /* SVGDemoTests */ = {
			isa = PBXNativeTarget;
			buildConfigurationList = 633C59311F15FDB1009A0306 /* Build configuration list for PBXNativeTarget "SVGDemoTests" */;
			buildPhases = (
				633C59161F15FDB1009A0306 /* Sources */,
				633C59171F15FDB1009A0306 /* Frameworks */,
				633C59181F15FDB1009A0306 /* Resources */,
			);
			buildRules = (
			);
			dependencies = (
				633C591C1F15FDB1009A0306 /* PBXTargetDependency */,
			);
			name = SVGDemoTests;
			productName = SVGDemoTests;
			productReference = 633C591A1F15FDB1009A0306 /* SVGDemoTests.xctest */;
			productType = "com.apple.product-type.bundle.unit-test";
		};
		633C59241F15FDB1009A0306 /* SVGDemoUITests */ = {
			isa = PBXNativeTarget;
			buildConfigurationList = 633C59341F15FDB1009A0306 /* Build configuration list for PBXNativeTarget "SVGDemoUITests" */;
			buildPhases = (
				633C59211F15FDB1009A0306 /* Sources */,
				633C59221F15FDB1009A0306 /* Frameworks */,
				633C59231F15FDB1009A0306 /* Resources */,
			);
			buildRules = (
			);
			dependencies = (
				633C59271F15FDB1009A0306 /* PBXTargetDependency */,
			);
			name = SVGDemoUITests;
			productName = SVGDemoUITests;
			productReference = 633C59251F15FDB1009A0306 /* SVGDemoUITests.xctest */;
			productType = "com.apple.product-type.bundle.ui-testing";
		};
/* End PBXNativeTarget section */

/* Begin PBXProject section */
		633C58FA1F15FDB1009A0306 /* Project object */ = {
			isa = PBXProject;
			attributes = {
				LastUpgradeCheck = 0900;
				ORGANIZATIONNAME = zeacone;
				TargetAttributes = {
					633C59011F15FDB1009A0306 = {
						CreatedOnToolsVersion = 9.0;
					};
					633C59191F15FDB1009A0306 = {
						CreatedOnToolsVersion = 9.0;
						TestTargetID = 633C59011F15FDB1009A0306;
					};
					633C59241F15FDB1009A0306 = {
						CreatedOnToolsVersion = 9.0;
						TestTargetID = 633C59011F15FDB1009A0306;
					};
				};
			};
			buildConfigurationList = 633C58FD1F15FDB1009A0306 /* Build configuration list for PBXProject "SVGDemo" */;
			compatibilityVersion = "Xcode 8.0";
			developmentRegion = en;
			hasScannedForEncodings = 0;
			knownRegions = (
				en,
				Base,
			);
			mainGroup = 633C58F91F15FDB1009A0306;
			productRefGroup = 633C59031F15FDB1009A0306 /* Products */;
			projectDirPath = "";
			projectRoot = "";
			targets = (
				633C59011F15FDB1009A0306 /* SVGDemo */,
				633C59191F15FDB1009A0306 /* SVGDemoTests */,
				633C59241F15FDB1009A0306 /* SVGDemoUITests */,
			);
		};
/* End PBXProject section */

/* Begin PBXResourcesBuildPhase section */
		633C59001F15FDB1009A0306 /* Resources */ = {
			isa = PBXResourcesBuildPhase;
			buildActionMask = 2147483647;
			files = (
				633C59581F15FE57009A0306 /* subway.svg in Resources */,
				633C59121F15FDB1009A0306 /* LaunchScreen.storyboard in Resources */,
				633C590F1F15FDB1009A0306 /* Assets.xcassets in Resources */,
				633C590D1F15FDB1009A0306 /* Main.storyboard in Resources */,
			);
			runOnlyForDeploymentPostprocessing = 0;
		};
		633C59181F15FDB1009A0306 /* Resources */ = {
			isa = PBXResourcesBuildPhase;
			buildActionMask = 2147483647;
			files = (
			);
			runOnlyForDeploymentPostprocessing = 0;
		};
		633C59231F15FDB1009A0306 /* Resources */ = {
			isa = PBXResourcesBuildPhase;
			buildActionMask = 2147483647;
			files = (
			);
			runOnlyForDeploymentPostprocessing = 0;
		};
/* End PBXResourcesBuildPhase section */

/* Begin PBXSourcesBuildPhase section */
		633C58FE1F15FDB1009A0306 /* Sources */ = {
			isa = PBXSourcesBuildPhase;
			buildActionMask = 2147483647;
			files = (
				6311819C1F16049D001E0394 /* SVGCircle.m in Sources */,
				6311819D1F16049D001E0394 /* SVGElement.m in Sources */,
				6311819E1F16049D001E0394 /* SVGEllipse.m in Sources */,
				6311819F1F16049D001E0394 /* SVGLine.m in Sources */,
				631181A01F16049D001E0394 /* SVGPath.m in Sources */,
				631181A11F16049D001E0394 /* SVGPolygon.m in Sources */,
				631181A21F16049D001E0394 /* SVGPolyline.m in Sources */,
				631181A31F16049D001E0394 /* SVGRect.m in Sources */,
				631181A41F16049D001E0394 /* SVGFilter.m in Sources */,
				631181A51F16049D001E0394 /* SVGGradient.m in Sources */,
				631181A61F16049D001E0394 /* SVGView.m in Sources */,
				631181A71F16049D001E0394 /* SVGParser.m in Sources */,
				631181A81F16049D001E0394 /* SVGTransformParser.m in Sources */,
				633C590A1F15FDB1009A0306 /* ViewController.m in Sources */,
				633C59151F15FDB1009A0306 /* main.m in Sources */,
				633C59071F15FDB1009A0306 /* AppDelegate.m in Sources */,
				633C595B1F15FEF1009A0306 /* SVGContainerView.m in Sources */,
			);
			runOnlyForDeploymentPostprocessing = 0;
		};
		633C59161F15FDB1009A0306 /* Sources */ = {
			isa = PBXSourcesBuildPhase;
			buildActionMask = 2147483647;
			files = (
				633C591F1F15FDB1009A0306 /* SVGDemoTests.m in Sources */,
			);
			runOnlyForDeploymentPostprocessing = 0;
		};
		633C59211F15FDB1009A0306 /* Sources */ = {
			isa = PBXSourcesBuildPhase;
			buildActionMask = 2147483647;
			files = (
				633C592A1F15FDB1009A0306 /* SVGDemoUITests.m in Sources */,
			);
			runOnlyForDeploymentPostprocessing = 0;
		};
/* End PBXSourcesBuildPhase section */

/* Begin PBXTargetDependency section */
		633C591C1F15FDB1009A0306 /* PBXTargetDependency */ = {
			isa = PBXTargetDependency;
			target = 633C59011F15FDB1009A0306 /* SVGDemo */;
			targetProxy = 633C591B1F15FDB1009A0306 /* PBXContainerItemProxy */;
		};
		633C59271F15FDB1009A0306 /* PBXTargetDependency */ = {
			isa = PBXTargetDependency;
			target = 633C59011F15FDB1009A0306 /* SVGDemo */;
			targetProxy = 633C59261F15FDB1009A0306 /* PBXContainerItemProxy */;
		};
/* End PBXTargetDependency section */

/* Begin PBXVariantGroup section */
		633C590B1F15FDB1009A0306 /* Main.storyboard */ = {
			isa = PBXVariantGroup;
			children = (
				633C590C1F15FDB1009A0306 /* Base */,
			);
			name = Main.storyboard;
			sourceTree = "<group>";
		};
		633C59101F15FDB1009A0306 /* LaunchScreen.storyboard */ = {
			isa = PBXVariantGroup;
			children = (
				633C59111F15FDB1009A0306 /* Base */,
			);
			name = LaunchScreen.storyboard;
			sourceTree = "<group>";
		};
/* End PBXVariantGroup section */

/* Begin XCBuildConfiguration section */
		633C592C1F15FDB1009A0306 /* Debug */ = {
			isa = XCBuildConfiguration;
			buildSettings = {
				ALWAYS_SEARCH_USER_PATHS = NO;
				CLANG_ANALYZER_NONNULL = YES;
				CLANG_ANALYZER_NUMBER_OBJECT_CONVERSION = YES_AGGRESSIVE;
				CLANG_CXX_LANGUAGE_STANDARD = "gnu++14";
				CLANG_CXX_LIBRARY = "libc++";
				CLANG_ENABLE_MODULES = YES;
				CLANG_ENABLE_OBJC_ARC = YES;
				CLANG_WARN_BLOCK_CAPTURE_AUTORELEASING = YES;
				CLANG_WARN_BOOL_CONVERSION = YES;
				CLANG_WARN_COMMA = YES;
				CLANG_WARN_CONSTANT_CONVERSION = YES;
				CLANG_WARN_DIRECT_OBJC_ISA_USAGE = YES_ERROR;
				CLANG_WARN_DOCUMENTATION_COMMENTS = YES;
				CLANG_WARN_EMPTY_BODY = YES;
				CLANG_WARN_ENUM_CONVERSION = YES;
				CLANG_WARN_INFINITE_RECURSION = YES;
				CLANG_WARN_INT_CONVERSION = YES;
				CLANG_WARN_NON_LITERAL_NULL_CONVERSION = YES;
				CLANG_WARN_OBJC_LITERAL_CONVERSION = YES;
				CLANG_WARN_OBJC_ROOT_CLASS = YES_ERROR;
				CLANG_WARN_RANGE_LOOP_ANALYSIS = YES;
				CLANG_WARN_STRICT_PROTOTYPES = YES;
				CLANG_WARN_SUSPICIOUS_MOVE = YES;
				CLANG_WARN_UNGUARDED_AVAILABILITY = YES_AGGRESSIVE;
				CLANG_WARN_UNREACHABLE_CODE = YES;
				CLANG_WARN__DUPLICATE_METHOD_MATCH = YES;
				CODE_SIGN_IDENTITY = "iPhone Developer";
				COPY_PHASE_STRIP = NO;
				DEBUG_INFORMATION_FORMAT = dwarf;
				ENABLE_STRICT_OBJC_MSGSEND = YES;
				ENABLE_TESTABILITY = YES;
				GCC_C_LANGUAGE_STANDARD = gnu11;
				GCC_DYNAMIC_NO_PIC = NO;
				GCC_NO_COMMON_BLOCKS = YES;
				GCC_OPTIMIZATION_LEVEL = 0;
				GCC_PREPROCESSOR_DEFINITIONS = (
					"DEBUG=1",
					"$(inherited)",
				);
				GCC_WARN_64_TO_32_BIT_CONVERSION = YES;
				GCC_WARN_ABOUT_RETURN_TYPE = YES_ERROR;
				GCC_WARN_UNDECLARED_SELECTOR = YES;
				GCC_WARN_UNINITIALIZED_AUTOS = YES_AGGRESSIVE;
				GCC_WARN_UNUSED_FUNCTION = YES;
				GCC_WARN_UNUSED_VARIABLE = YES;
				IPHONEOS_DEPLOYMENT_TARGET = 11.0;
				MTL_ENABLE_DEBUG_INFO = YES;
				ONLY_ACTIVE_ARCH = YES;
				SDKROOT = iphoneos;
			};
			name = Debug;
		};
		633C592D1F15FDB1009A0306 /* Release */ = {
			isa = XCBuildConfiguration;
			buildSettings = {
				ALWAYS_SEARCH_USER_PATHS = NO;
				CLANG_ANALYZER_NONNULL = YES;
				CLANG_ANALYZER_NUMBER_OBJECT_CONVERSION = YES_AGGRESSIVE;
				CLANG_CXX_LANGUAGE_STANDARD = "gnu++14";
				CLANG_CXX_LIBRARY = "libc++";
				CLANG_ENABLE_MODULES = YES;
				CLANG_ENABLE_OBJC_ARC = YES;
				CLANG_WARN_BLOCK_CAPTURE_AUTORELEASING = YES;
				CLANG_WARN_BOOL_CONVERSION = YES;
				CLANG_WARN_COMMA = YES;
				CLANG_WARN_CONSTANT_CONVERSION = YES;
				CLANG_WARN_DIRECT_OBJC_ISA_USAGE = YES_ERROR;
				CLANG_WARN_DOCUMENTATION_COMMENTS = YES;
				CLANG_WARN_EMPTY_BODY = YES;
				CLANG_WARN_ENUM_CONVERSION = YES;
				CLANG_WARN_INFINITE_RECURSION = YES;
				CLANG_WARN_INT_CONVERSION = YES;
				CLANG_WARN_NON_LITERAL_NULL_CONVERSION = YES;
				CLANG_WARN_OBJC_LITERAL_CONVERSION = YES;
				CLANG_WARN_OBJC_ROOT_CLASS = YES_ERROR;
				CLANG_WARN_RANGE_LOOP_ANALYSIS = YES;
				CLANG_WARN_STRICT_PROTOTYPES = YES;
				CLANG_WARN_SUSPICIOUS_MOVE = YES;
				CLANG_WARN_UNGUARDED_AVAILABILITY = YES_AGGRESSIVE;
				CLANG_WARN_UNREACHABLE_CODE = YES;
				CLANG_WARN__DUPLICATE_METHOD_MATCH = YES;
				CODE_SIGN_IDENTITY = "iPhone Developer";
				COPY_PHASE_STRIP = NO;
				DEBUG_INFORMATION_FORMAT = "dwarf-with-dsym";
				ENABLE_NS_ASSERTIONS = NO;
				ENABLE_STRICT_OBJC_MSGSEND = YES;
				GCC_C_LANGUAGE_STANDARD = gnu11;
				GCC_NO_COMMON_BLOCKS = YES;
				GCC_WARN_64_TO_32_BIT_CONVERSION = YES;
				GCC_WARN_ABOUT_RETURN_TYPE = YES_ERROR;
				GCC_WARN_UNDECLARED_SELECTOR = YES;
				GCC_WARN_UNINITIALIZED_AUTOS = YES_AGGRESSIVE;
				GCC_WARN_UNUSED_FUNCTION = YES;
				GCC_WARN_UNUSED_VARIABLE = YES;
				IPHONEOS_DEPLOYMENT_TARGET = 11.0;
				MTL_ENABLE_DEBUG_INFO = NO;
				SDKROOT = iphoneos;
				VALIDATE_PRODUCT = YES;
			};
			name = Release;
		};
		633C592F1F15FDB1009A0306 /* Debug */ = {
			isa = XCBuildConfiguration;
			buildSettings = {
				ASSETCATALOG_COMPILER_APPICON_NAME = AppIcon;
				DEVELOPMENT_TEAM = Z342MJJVLZ;
				INFOPLIST_FILE = SVGDemo/Info.plist;
				IPHONEOS_DEPLOYMENT_TARGET = 10.0;
				LD_RUNPATH_SEARCH_PATHS = "$(inherited) @executable_path/Frameworks";
				PRODUCT_BUNDLE_IDENTIFIER = com.zeacone.SVGDemo;
				PRODUCT_NAME = "$(TARGET_NAME)";
				TARGETED_DEVICE_FAMILY = "1,2";
			};
			name = Debug;
		};
		633C59301F15FDB1009A0306 /* Release */ = {
			isa = XCBuildConfiguration;
			buildSettings = {
				ASSETCATALOG_COMPILER_APPICON_NAME = AppIcon;
				DEVELOPMENT_TEAM = Z342MJJVLZ;
				INFOPLIST_FILE = SVGDemo/Info.plist;
				IPHONEOS_DEPLOYMENT_TARGET = 10.0;
				LD_RUNPATH_SEARCH_PATHS = "$(inherited) @executable_path/Frameworks";
				PRODUCT_BUNDLE_IDENTIFIER = com.zeacone.SVGDemo;
				PRODUCT_NAME = "$(TARGET_NAME)";
				TARGETED_DEVICE_FAMILY = "1,2";
			};
			name = Release;
		};
		633C59321F15FDB1009A0306 /* Debug */ = {
			isa = XCBuildConfiguration;
			buildSettings = {
				BUNDLE_LOADER = "$(TEST_HOST)";
				INFOPLIST_FILE = SVGDemoTests/Info.plist;
				LD_RUNPATH_SEARCH_PATHS = "$(inherited) @executable_path/Frameworks @loader_path/Frameworks";
				PRODUCT_BUNDLE_IDENTIFIER = com.zeacone.SVGDemoTests;
				PRODUCT_NAME = "$(TARGET_NAME)";
				TARGETED_DEVICE_FAMILY = "1,2";
				TEST_HOST = "$(BUILT_PRODUCTS_DIR)/SVGDemo.app/SVGDemo";
			};
			name = Debug;
		};
		633C59331F15FDB1009A0306 /* Release */ = {
			isa = XCBuildConfiguration;
			buildSettings = {
				BUNDLE_LOADER = "$(TEST_HOST)";
				INFOPLIST_FILE = SVGDemoTests/Info.plist;
				LD_RUNPATH_SEARCH_PATHS = "$(inherited) @executable_path/Frameworks @loader_path/Frameworks";
				PRODUCT_BUNDLE_IDENTIFIER = com.zeacone.SVGDemoTests;
				PRODUCT_NAME = "$(TARGET_NAME)";
				TARGETED_DEVICE_FAMILY = "1,2";
				TEST_HOST = "$(BUILT_PRODUCTS_DIR)/SVGDemo.app/SVGDemo";
			};
			name = Release;
		};
		633C59351F15FDB1009A0306 /* Debug */ = {
			isa = XCBuildConfiguration;
			buildSettings = {
				INFOPLIST_FILE = SVGDemoUITests/Info.plist;
				LD_RUNPATH_SEARCH_PATHS = "$(inherited) @executable_path/Frameworks @loader_path/Frameworks";
				PRODUCT_BUNDLE_IDENTIFIER = com.zeacone.SVGDemoUITests;
				PRODUCT_NAME = "$(TARGET_NAME)";
				TARGETED_DEVICE_FAMILY = "1,2";
				TEST_TARGET_NAME = SVGDemo;
			};
			name = Debug;
		};
		633C59361F15FDB1009A0306 /* Release */ = {
			isa = XCBuildConfiguration;
			buildSettings = {
				INFOPLIST_FILE = SVGDemoUITests/Info.plist;
				LD_RUNPATH_SEARCH_PATHS = "$(inherited) @executable_path/Frameworks @loader_path/Frameworks";
				PRODUCT_BUNDLE_IDENTIFIER = com.zeacone.SVGDemoUITests;
				PRODUCT_NAME = "$(TARGET_NAME)";
				TARGETED_DEVICE_FAMILY = "1,2";
				TEST_TARGET_NAME = SVGDemo;
			};
			name = Release;
		};
/* End XCBuildConfiguration section */

/* Begin XCConfigurationList section */
		633C58FD1F15FDB1009A0306 /* Build configuration list for PBXProject "SVGDemo" */ = {
			isa = XCConfigurationList;
			buildConfigurations = (
				633C592C1F15FDB1009A0306 /* Debug */,
				633C592D1F15FDB1009A0306 /* Release */,
			);
			defaultConfigurationIsVisible = 0;
			defaultConfigurationName = Release;
		};
		633C592E1F15FDB1009A0306 /* Build configuration list for PBXNativeTarget "SVGDemo" */ = {
			isa = XCConfigurationList;
			buildConfigurations = (
				633C592F1F15FDB1009A0306 /* Debug */,
				633C59301F15FDB1009A0306 /* Release */,
			);
			defaultConfigurationIsVisible = 0;
			defaultConfigurationName = Release;
		};
		633C59311F15FDB1009A0306 /* Build configuration list for PBXNativeTarget "SVGDemoTests" */ = {
			isa = XCConfigurationList;
			buildConfigurations = (
				633C59321F15FDB1009A0306 /* Debug */,
				633C59331F15FDB1009A0306 /* Release */,
			);
			defaultConfigurationIsVisible = 0;
			defaultConfigurationName = Release;
		};
		633C59341F15FDB1009A0306 /* Build configuration list for PBXNativeTarget "SVGDemoUITests" */ = {
			isa = XCConfigurationList;
			buildConfigurations = (
				633C59351F15FDB1009A0306 /* Debug */,
				633C59361F15FDB1009A0306 /* Release */,
			);
			defaultConfigurationIsVisible = 0;
			defaultConfigurationName = Release;
		};
/* End XCConfigurationList section */
	};
	rootObject = 633C58FA1F15FDB1009A0306 /* Project object */;
}
